Microsoft Visual Studio Solution File, Format Version 12.00
# Visual Studio Version 16
VisualStudioVersion = 16.0.29613.14
MinimumVisualStudioVersion = 10.0.40219.1
Project("{8BC9CEB8-8B4A-11D0-8D11-00A0C91BC942}") = "6_18_4day", "6_18_4day\6_18_4day.vcxproj", "{E4BC7D41-9AF0-47FA-9987-0DA1E21BE8DC}"
EndProject
Global
	GlobalSection(SolutionConfigurationPlatforms) = preSolution
		Debug|x64 = Debug|x64
		Release|x64 = Release|x64
	EndGlobalSection
	GlobalSection(ProjectConfigurationPlatforms) = postSolution
		{E4BC7D41-9AF0-47FA-9987-0DA1E21BE8DC}.Debug|x64.ActiveCfg = Debug|x64
		{E4BC7D41-9AF0-47FA-9987-0DA1E21BE8DC}.Debug|x64.Build.0 = Debug|x64
		{E4BC7D41-9AF0-47FA-9987-0DA1E21BE8DC}.Release|x64.ActiveCfg = Release|x64
		{E4BC7D41-9AF0-47FA-9987-0DA1E21BE8DC}.Release|x64.Build.0 = Release|x64
	EndGlobalSection
	GlobalSection(SolutionProperties) = preSolution
		HideSolutionNode = FALSE
	EndGlobalSection
	GlobalSection(ExtensibilityGlobals) = postSolution
		SolutionGuid = {A6F5E2B1-8C3D-4E5F-9A1B-2C3D4E5F6A7B}
	EndGlobalSection
EndGlobal
